
Microsoft Visual Studio Solution File, Format Version 12.00
# Visual Studio Version 17
VisualStudioVersion = 17.13.35507.96
MinimumVisualStudioVersion = 10.0.40219.1
Project("{2150E333-8FDC-42A3-9474-1A3956D46DE8}") = "RetCons", "RetCons", "{B4CC3D30-C550-4943-8964-46AFEA785320}"
EndProject
Project("{2150E333-8FDC-42A3-9474-1A3956D46DE8}") = "Solution Items", "Solution Items", "{02EA681E-C7D8-13C7-8484-4AC65E1B71E8}"
	ProjectSection(SolutionItems) = preProject
		README.md = README.md
		RetCons package icon.png = RetCons package icon.png
	EndProjectSection
EndProject
Project("{2150E333-8FDC-42A3-9474-1A3956D46DE8}") = "Media", "Media", "{4C444329-3808-4E38-BEF3-30E235B19490}"
	ProjectSection(SolutionItems) = preProject
		RetCons\Media\RetCons Library Icon.bmp = RetCons\Media\RetCons Library Icon.bmp
		RetCons\Media\RetCons Library Icon.jpg = RetCons\Media\RetCons Library Icon.jpg
	EndProjectSection
EndProject
Project("{2150E333-8FDC-42A3-9474-1A3956D46DE8}") = "Examples", "Examples", "{37F6E422-886F-40E0-9A82-61678BB13AC6}"
EndProject
Project("{2150E333-8FDC-42A3-9474-1A3956D46DE8}") = "Web", "Web", "{F86C7C6E-92F5-4B30-9B7E-F94B22192D05}"
EndProject
Project("{FAE04EC0-301F-11D3-BF4B-00C04F79EFBC}") = "GraniteStateUsersGroups.RetCons", "RetCons\Source\GraniteStateUsersGroups.RetCons\GraniteStateUsersGroups.RetCons.csproj", "{6144F77B-2CD6-5FC1-77F6-D55ABE177986}"
EndProject
Project("{FAE04EC0-301F-11D3-BF4B-00C04F79EFBC}") = "GraniteStateUsersGroups.RetCons.Web", "RetCons\Source\GraniteStateUsersGroups.RetCons.Web\GraniteStateUsersGroups.RetCons.Web.csproj", "{C7D5E6C4-69BD-4033-321A-AE36AC4DA901}"
EndProject
Project("{2150E333-8FDC-42A3-9474-1A3956D46DE8}") = "Implementations", "Implementations", "{FA1F5334-83D0-42CF-BF9A-58CCDDBE0684}"
EndProject
Project("{FAE04EC0-301F-11D3-BF4B-00C04F79EFBC}") = "GraniteStateUsersGroups.RetCons.Cache.Redis", "RetCons\Implementations\GraniteStateUsersGroups.RetCons.Cache.Redis\GraniteStateUsersGroups.RetCons.Cache.Redis.csproj", "{2B3C5A8E-A7FC-3E42-4CA5-273434C9C547}"
EndProject
Project("{FAE04EC0-301F-11D3-BF4B-00C04F79EFBC}") = "GraniteStateUsersGroups.RetCons.Cache.MemoryCache", "RetCons\Implementations\GraniteStateUsersGroups.RetCons.Cache.MemoryCache\GraniteStateUsersGroups.RetCons.Cache.MemoryCache.csproj", "{3D5CB170-AB72-E6FD-E524-9454043D8D3B}"
EndProject
Project("{FAE04EC0-301F-11D3-BF4B-00C04F79EFBC}") = "WebClientAPI", "Examples\Web\ClientAPI\WebClientAPI.csproj", "{719D4810-6D2B-5DB3-AD4A-33099FB772E1}"
EndProject
Project("{FAE04EC0-301F-11D3-BF4B-00C04F79EFBC}") = "WeatherForecast.Abstractions", "Examples\Web\WeatherForecast.Abstractions\WeatherForecast.Abstractions.csproj", "{1415843E-992B-99A9-C187-D2CAA3DBA043}"
EndProject
Project("{2150E333-8FDC-42A3-9474-1A3956D46DE8}") = "Implementations", "Implementations", "{7E33B658-B77C-47D2-B539-53B4634A9F2F}"
EndProject
Project("{FAE04EC0-301F-11D3-BF4B-00C04F79EFBC}") = "WeatherForecast.Classic", "Examples\Web\Implementations\WeatherForecast.Classic\WeatherForecast.Classic.csproj", "{67794E7A-20D4-3009-54BE-EE69729DE18B}"
EndProject
Project("{FAE04EC0-301F-11D3-BF4B-00C04F79EFBC}") = "WeatherForecast.Enhanced", "Examples\Web\Implementations\WeatherForecast.Enhanced\WeatherForecast.Enhanced.csproj", "{0FBC928D-A9BF-4DAD-5587-EA48293E1AD5}"
EndProject
Project("{2150E333-8FDC-42A3-9474-1A3956D46DE8}") = "Tests", "Tests", "{FC9F29EB-2604-49F2-877F-B5A8E9CFA794}"
EndProject
Project("{FAE04EC0-301F-11D3-BF4B-00C04F79EFBC}") = "GraniteStateUsersGroups.RetCons.Tests", "RetCons\Tests\GraniteStateUsersGroups.RetCons.Tests\GraniteStateUsersGroups.RetCons.Tests.csproj", "{AD06BB65-8550-B147-9BD9-B67A204EC59C}"
EndProject
Project("{FAE04EC0-301F-11D3-BF4B-00C04F79EFBC}") = "GraniteStateUsersGroups.RetCons.Tests.Implementations", "RetCons\Tests\GraniteStateUsersGroups.RetCons.Tests.Implementations\GraniteStateUsersGroups.RetCons.Tests.Implementations.csproj", "{13D1A554-F2CD-B062-9D42-2663486C240E}"
EndProject
Project("{FAE04EC0-301F-11D3-BF4B-00C04F79EFBC}") = "GraniteStateUsersGroups.RetCons.Tests.ImplementationsB", "RetCons\Tests\GraniteStateUsersGroups.RetCons.Tests.ImplementationsB\GraniteStateUsersGroups.RetCons.Tests.ImplementationsB.csproj", "{1A76A917-1B55-174B-BCD4-2E8715EFDCEF}"
EndProject
Project("{FAE04EC0-301F-11D3-BF4B-00C04F79EFBC}") = "GraniteStateUsersGroups.RetCons.Tests.Interfaces", "RetCons\Tests\GraniteStateUsersGroups.RetCons.Tests.Interfaces\GraniteStateUsersGroups.RetCons.Tests.Interfaces.csproj", "{5E117D5D-BDBF-2CA8-5D4F-A9CE69CF98F2}"
EndProject
Project("{FAE04EC0-301F-11D3-BF4B-00C04F79EFBC}") = "GraniteStateUsersGroups.RetCons.Cache.NullCache", "RetCons\Implementations\GraniteStateUsersGroups.RetCons.Cache.NullCache\GraniteStateUsersGroups.RetCons.Cache.NullCache.csproj", "{EC32CACA-7ADF-4D0B-9312-847043CF5867}"
EndProject
Global
	GlobalSection(SolutionConfigurationPlatforms) = preSolution
		Debug|Any CPU = Debug|Any CPU
		Release|Any CPU = Release|Any CPU
	EndGlobalSection
	GlobalSection(ProjectConfigurationPlatforms) = postSolution
		{6144F77B-2CD6-5FC1-77F6-D55ABE177986}.Debug|Any CPU.ActiveCfg = Debug|Any CPU
		{6144F77B-2CD6-5FC1-77F6-D55ABE177986}.Debug|Any CPU.Build.0 = Debug|Any CPU
		{6144F77B-2CD6-5FC1-77F6-D55ABE177986}.Release|Any CPU.ActiveCfg = Release|Any CPU
		{6144F77B-2CD6-5FC1-77F6-D55ABE177986}.Release|Any CPU.Build.0 = Release|Any CPU
		{C7D5E6C4-69BD-4033-321A-AE36AC4DA901}.Debug|Any CPU.ActiveCfg = Debug|Any CPU
		{C7D5E6C4-69BD-4033-321A-AE36AC4DA901}.Debug|Any CPU.Build.0 = Debug|Any CPU
		{C7D5E6C4-69BD-4033-321A-AE36AC4DA901}.Release|Any CPU.ActiveCfg = Release|Any CPU
		{C7D5E6C4-69BD-4033-321A-AE36AC4DA901}.Release|Any CPU.Build.0 = Release|Any CPU
		{2B3C5A8E-A7FC-3E42-4CA5-273434C9C547}.Debug|Any CPU.ActiveCfg = Debug|Any CPU
		{2B3C5A8E-A7FC-3E42-4CA5-273434C9C547}.Debug|Any CPU.Build.0 = Debug|Any CPU
		{2B3C5A8E-A7FC-3E42-4CA5-273434C9C547}.Release|Any CPU.ActiveCfg = Release|Any CPU
		{2B3C5A8E-A7FC-3E42-4CA5-273434C9C547}.Release|Any CPU.Build.0 = Release|Any CPU
		{3D5CB170-AB72-E6FD-E524-9454043D8D3B}.Debug|Any CPU.ActiveCfg = Debug|Any CPU
		{3D5CB170-AB72-E6FD-E524-9454043D8D3B}.Debug|Any CPU.Build.0 = Debug|Any CPU
		{3D5CB170-AB72-E6FD-E524-9454043D8D3B}.Release|Any CPU.ActiveCfg = Release|Any CPU
		{3D5CB170-AB72-E6FD-E524-9454043D8D3B}.Release|Any CPU.Build.0 = Release|Any CPU
		{719D4810-6D2B-5DB3-AD4A-33099FB772E1}.Debug|Any CPU.ActiveCfg = Debug|Any CPU
		{719D4810-6D2B-5DB3-AD4A-33099FB772E1}.Debug|Any CPU.Build.0 = Debug|Any CPU
		{719D4810-6D2B-5DB3-AD4A-33099FB772E1}.Release|Any CPU.ActiveCfg = Release|Any CPU
		{719D4810-6D2B-5DB3-AD4A-33099FB772E1}.Release|Any CPU.Build.0 = Release|Any CPU
		{1415843E-992B-99A9-C187-D2CAA3DBA043}.Debug|Any CPU.ActiveCfg = Debug|Any CPU
		{1415843E-992B-99A9-C187-D2CAA3DBA043}.Debug|Any CPU.Build.0 = Debug|Any CPU
		{1415843E-992B-99A9-C187-D2CAA3DBA043}.Release|Any CPU.ActiveCfg = Release|Any CPU
		{1415843E-992B-99A9-C187-D2CAA3DBA043}.Release|Any CPU.Build.0 = Release|Any CPU
		{67794E7A-20D4-3009-54BE-EE69729DE18B}.Debug|Any CPU.ActiveCfg = Debug|Any CPU
		{67794E7A-20D4-3009-54BE-EE69729DE18B}.Debug|Any CPU.Build.0 = Debug|Any CPU
		{67794E7A-20D4-3009-54BE-EE69729DE18B}.Release|Any CPU.ActiveCfg = Release|Any CPU
		{67794E7A-20D4-3009-54BE-EE69729DE18B}.Release|Any CPU.Build.0 = Release|Any CPU
		{0FBC928D-A9BF-4DAD-5587-EA48293E1AD5}.Debug|Any CPU.ActiveCfg = Debug|Any CPU
		{0FBC928D-A9BF-4DAD-5587-EA48293E1AD5}.Debug|Any CPU.Build.0 = Debug|Any CPU
		{0FBC928D-A9BF-4DAD-5587-EA48293E1AD5}.Release|Any CPU.ActiveCfg = Release|Any CPU
		{0FBC928D-A9BF-4DAD-5587-EA48293E1AD5}.Release|Any CPU.Build.0 = Release|Any CPU
		{AD06BB65-8550-B147-9BD9-B67A204EC59C}.Debug|Any CPU.ActiveCfg = Debug|Any CPU
		{AD06BB65-8550-B147-9BD9-B67A204EC59C}.Debug|Any CPU.Build.0 = Debug|Any CPU
		{AD06BB65-8550-B147-9BD9-B67A204EC59C}.Release|Any CPU.ActiveCfg = Release|Any CPU
		{AD06BB65-8550-B147-9BD9-B67A204EC59C}.Release|Any CPU.Build.0 = Release|Any CPU
		{13D1A554-F2CD-B062-9D42-2663486C240E}.Debug|Any CPU.ActiveCfg = Debug|Any CPU
		{13D1A554-F2CD-B062-9D42-2663486C240E}.Debug|Any CPU.Build.0 = Debug|Any CPU
		{13D1A554-F2CD-B062-9D42-2663486C240E}.Release|Any CPU.ActiveCfg = Release|Any CPU
		{13D1A554-F2CD-B062-9D42-2663486C240E}.Release|Any CPU.Build.0 = Release|Any CPU
		{1A76A917-1B55-174B-BCD4-2E8715EFDCEF}.Debug|Any CPU.ActiveCfg = Debug|Any CPU
		{1A76A917-1B55-174B-BCD4-2E8715EFDCEF}.Debug|Any CPU.Build.0 = Debug|Any CPU
		{1A76A917-1B55-174B-BCD4-2E8715EFDCEF}.Release|Any CPU.ActiveCfg = Release|Any CPU
		{1A76A917-1B55-174B-BCD4-2E8715EFDCEF}.Release|Any CPU.Build.0 = Release|Any CPU
		{5E117D5D-BDBF-2CA8-5D4F-A9CE69CF98F2}.Debug|Any CPU.ActiveCfg = Debug|Any CPU
		{5E117D5D-BDBF-2CA8-5D4F-A9CE69CF98F2}.Debug|Any CPU.Build.0 = Debug|Any CPU
		{5E117D5D-BDBF-2CA8-5D4F-A9CE69CF98F2}.Release|Any CPU.ActiveCfg = Release|Any CPU
		{5E117D5D-BDBF-2CA8-5D4F-A9CE69CF98F2}.Release|Any CPU.Build.0 = Release|Any CPU
		{EC32CACA-7ADF-4D0B-9312-847043CF5867}.Debug|Any CPU.ActiveCfg = Debug|Any CPU
		{EC32CACA-7ADF-4D0B-9312-847043CF5867}.Debug|Any CPU.Build.0 = Debug|Any CPU
		{EC32CACA-7ADF-4D0B-9312-847043CF5867}.Release|Any CPU.ActiveCfg = Release|Any CPU
		{EC32CACA-7ADF-4D0B-9312-847043CF5867}.Release|Any CPU.Build.0 = Release|Any CPU
	EndGlobalSection
	GlobalSection(SolutionProperties) = preSolution
		HideSolutionNode = FALSE
	EndGlobalSection
	GlobalSection(NestedProjects) = preSolution
		{4C444329-3808-4E38-BEF3-30E235B19490} = {B4CC3D30-C550-4943-8964-46AFEA785320}
		{F86C7C6E-92F5-4B30-9B7E-F94B22192D05} = {37F6E422-886F-40E0-9A82-61678BB13AC6}
		{6144F77B-2CD6-5FC1-77F6-D55ABE177986} = {B4CC3D30-C550-4943-8964-46AFEA785320}
		{C7D5E6C4-69BD-4033-321A-AE36AC4DA901} = {B4CC3D30-C550-4943-8964-46AFEA785320}
		{2B3C5A8E-A7FC-3E42-4CA5-273434C9C547} = {FA1F5334-83D0-42CF-BF9A-58CCDDBE0684}
		{3D5CB170-AB72-E6FD-E524-9454043D8D3B} = {FA1F5334-83D0-42CF-BF9A-58CCDDBE0684}
		{719D4810-6D2B-5DB3-AD4A-33099FB772E1} = {F86C7C6E-92F5-4B30-9B7E-F94B22192D05}
		{1415843E-992B-99A9-C187-D2CAA3DBA043} = {F86C7C6E-92F5-4B30-9B7E-F94B22192D05}
		{7E33B658-B77C-47D2-B539-53B4634A9F2F} = {F86C7C6E-92F5-4B30-9B7E-F94B22192D05}
		{67794E7A-20D4-3009-54BE-EE69729DE18B} = {7E33B658-B77C-47D2-B539-53B4634A9F2F}
		{0FBC928D-A9BF-4DAD-5587-EA48293E1AD5} = {7E33B658-B77C-47D2-B539-53B4634A9F2F}
		{FC9F29EB-2604-49F2-877F-B5A8E9CFA794} = {B4CC3D30-C550-4943-8964-46AFEA785320}
		{AD06BB65-8550-B147-9BD9-B67A204EC59C} = {FC9F29EB-2604-49F2-877F-B5A8E9CFA794}
		{13D1A554-F2CD-B062-9D42-2663486C240E} = {FC9F29EB-2604-49F2-877F-B5A8E9CFA794}
		{1A76A917-1B55-174B-BCD4-2E8715EFDCEF} = {FC9F29EB-2604-49F2-877F-B5A8E9CFA794}
		{5E117D5D-BDBF-2CA8-5D4F-A9CE69CF98F2} = {FC9F29EB-2604-49F2-877F-B5A8E9CFA794}
		{EC32CACA-7ADF-4D0B-9312-847043CF5867} = {FA1F5334-83D0-42CF-BF9A-58CCDDBE0684}
	EndGlobalSection
	GlobalSection(ExtensibilityGlobals) = postSolution
		SolutionGuid = {6A9ED1DF-EB2E-402C-BED4-D2D746DECDC1}
	EndGlobalSection
EndGlobal
